
Microsoft Visual Studio Solution File, Format Version 12.00
# Visual Studio 15
VisualStudioVersion = 15.0.27130.2027
MinimumVisualStudioVersion = 10.0.40219.1
Project("{9A19103F-16F7-4668-BE54-9A1E7A4F7556}") = "TempSoft.CQRS", "TempSoft.CQRS\TempSoft.CQRS.csproj", "{C6F93876-6AE5-4993-8472-F31652E8E5B0}"
EndProject
Project("{9A19103F-16F7-4668-BE54-9A1E7A4F7556}") = "TempSoft.CQRS.Tests", "TempSoft.CQRS.Tests\TempSoft.CQRS.Tests.csproj", "{8B6DE633-07A9-4CC4-B11B-118894B07A1C}"
EndProject
Project("{9A19103F-16F7-4668-BE54-9A1E7A4F7556}") = "TempSoft.CQRS.ServiceFabric", "TempSoft.CQRS.ServiceFabric\TempSoft.CQRS.ServiceFabric.csproj", "{9AA47D1C-7ECA-47D6-8290-998C552C99F5}"
EndProject
Project("{9A19103F-16F7-4668-BE54-9A1E7A4F7556}") = "TempSoft.CQRS.ServiceFabric.Interfaces", "TempSoft.CQRS.ServiceFabric.Interfaces\TempSoft.CQRS.ServiceFabric.Interfaces.csproj", "{23D62B90-C921-46D5-919A-7366D1FED72D}"
EndProject
Project("{9A19103F-16F7-4668-BE54-9A1E7A4F7556}") = "TempSoft.CQRS.Common", "TempSoft.CQRS.Common\TempSoft.CQRS.Common.csproj", "{537940DC-50CE-4741-A581-50305DF7428B}"
EndProject
Project("{2150E333-8FDC-42A3-9474-1A3956D46DE8}") = "Demo", "Demo", "{020AC8C0-6606-4A7D-A557-7692F84F3948}"
EndProject
Project("{A07B5EB6-E848-4116-A8D0-A826331D98C6}") = "TempSoft.CQRS.Demo.Application", "TempSoft.CQRS.Demo.Application\TempSoft.CQRS.Demo.Application.sfproj", "{BE979FB8-16D7-4B6C-90C8-A0B998D888D1}"
EndProject
Project("{FAE04EC0-301F-11D3-BF4B-00C04F79EFBC}") = "TempSoft.CQRS.Demo.Actors", "TempSoft.CQRS.Demo.Actors\TempSoft.CQRS.Demo.Actors.csproj", "{D7FF6627-045C-427A-9974-3F213F5148A8}"
EndProject
Project("{FAE04EC0-301F-11D3-BF4B-00C04F79EFBC}") = "TempSoft.CQRS.Demo.Actors.Interfaces", "TempSoft.CQRS.Demo.Actors.Interfaces\TempSoft.CQRS.Demo.Actors.Interfaces.csproj", "{03BF3D54-DE93-4F3A-BDAF-D768455EBBB9}"
EndProject
Global
	GlobalSection(SolutionConfigurationPlatforms) = preSolution
		Debug|Any CPU = Debug|Any CPU
		Debug|x64 = Debug|x64
		Release|Any CPU = Release|Any CPU
		Release|x64 = Release|x64
	EndGlobalSection
	GlobalSection(ProjectConfigurationPlatforms) = postSolution
		{C6F93876-6AE5-4993-8472-F31652E8E5B0}.Debug|Any CPU.ActiveCfg = Debug|x64
		{C6F93876-6AE5-4993-8472-F31652E8E5B0}.Debug|Any CPU.Build.0 = Debug|x64
		{C6F93876-6AE5-4993-8472-F31652E8E5B0}.Debug|x64.ActiveCfg = Debug|x64
		{C6F93876-6AE5-4993-8472-F31652E8E5B0}.Debug|x64.Build.0 = Debug|x64
		{C6F93876-6AE5-4993-8472-F31652E8E5B0}.Release|Any CPU.ActiveCfg = Release|x64
		{C6F93876-6AE5-4993-8472-F31652E8E5B0}.Release|Any CPU.Build.0 = Release|x64
		{C6F93876-6AE5-4993-8472-F31652E8E5B0}.Release|x64.ActiveCfg = Release|x64
		{C6F93876-6AE5-4993-8472-F31652E8E5B0}.Release|x64.Build.0 = Release|x64
		{8B6DE633-07A9-4CC4-B11B-118894B07A1C}.Debug|Any CPU.ActiveCfg = Debug|x64
		{8B6DE633-07A9-4CC4-B11B-118894B07A1C}.Debug|Any CPU.Build.0 = Debug|x64
		{8B6DE633-07A9-4CC4-B11B-118894B07A1C}.Debug|x64.ActiveCfg = Debug|x64
		{8B6DE633-07A9-4CC4-B11B-118894B07A1C}.Debug|x64.Build.0 = Debug|x64
		{8B6DE633-07A9-4CC4-B11B-118894B07A1C}.Release|Any CPU.ActiveCfg = Release|x64
		{8B6DE633-07A9-4CC4-B11B-118894B07A1C}.Release|Any CPU.Build.0 = Release|x64
		{8B6DE633-07A9-4CC4-B11B-118894B07A1C}.Release|x64.ActiveCfg = Release|x64
		{8B6DE633-07A9-4CC4-B11B-118894B07A1C}.Release|x64.Build.0 = Release|x64
		{9AA47D1C-7ECA-47D6-8290-998C552C99F5}.Debug|Any CPU.ActiveCfg = Debug|x64
		{9AA47D1C-7ECA-47D6-8290-998C552C99F5}.Debug|Any CPU.Build.0 = Debug|x64
		{9AA47D1C-7ECA-47D6-8290-998C552C99F5}.Debug|x64.ActiveCfg = Debug|x64
		{9AA47D1C-7ECA-47D6-8290-998C552C99F5}.Debug|x64.Build.0 = Debug|x64
		{9AA47D1C-7ECA-47D6-8290-998C552C99F5}.Release|Any CPU.ActiveCfg = Release|x64
		{9AA47D1C-7ECA-47D6-8290-998C552C99F5}.Release|Any CPU.Build.0 = Release|x64
		{9AA47D1C-7ECA-47D6-8290-998C552C99F5}.Release|x64.ActiveCfg = Release|x64
		{9AA47D1C-7ECA-47D6-8290-998C552C99F5}.Release|x64.Build.0 = Release|x64
		{23D62B90-C921-46D5-919A-7366D1FED72D}.Debug|Any CPU.ActiveCfg = Debug|x64
		{23D62B90-C921-46D5-919A-7366D1FED72D}.Debug|Any CPU.Build.0 = Debug|x64
		{23D62B90-C921-46D5-919A-7366D1FED72D}.Debug|x64.ActiveCfg = Debug|x64
		{23D62B90-C921-46D5-919A-7366D1FED72D}.Debug|x64.Build.0 = Debug|x64
		{23D62B90-C921-46D5-919A-7366D1FED72D}.Release|Any CPU.ActiveCfg = Release|x64
		{23D62B90-C921-46D5-919A-7366D1FED72D}.Release|Any CPU.Build.0 = Release|x64
		{23D62B90-C921-46D5-919A-7366D1FED72D}.Release|x64.ActiveCfg = Release|x64
		{23D62B90-C921-46D5-919A-7366D1FED72D}.Release|x64.Build.0 = Release|x64
		{537940DC-50CE-4741-A581-50305DF7428B}.Debug|Any CPU.ActiveCfg = Debug|x64
		{537940DC-50CE-4741-A581-50305DF7428B}.Debug|Any CPU.Build.0 = Debug|x64
		{537940DC-50CE-4741-A581-50305DF7428B}.Debug|x64.ActiveCfg = Debug|x64
		{537940DC-50CE-4741-A581-50305DF7428B}.Debug|x64.Build.0 = Debug|x64
		{537940DC-50CE-4741-A581-50305DF7428B}.Release|Any CPU.ActiveCfg = Release|x64
		{537940DC-50CE-4741-A581-50305DF7428B}.Release|x64.ActiveCfg = Release|x64
		{537940DC-50CE-4741-A581-50305DF7428B}.Release|x64.Build.0 = Release|x64
		{BE979FB8-16D7-4B6C-90C8-A0B998D888D1}.Debug|Any CPU.ActiveCfg = Debug|x64
		{BE979FB8-16D7-4B6C-90C8-A0B998D888D1}.Debug|x64.ActiveCfg = Debug|x64
		{BE979FB8-16D7-4B6C-90C8-A0B998D888D1}.Debug|x64.Build.0 = Debug|x64
		{BE979FB8-16D7-4B6C-90C8-A0B998D888D1}.Debug|x64.Deploy.0 = Debug|x64
		{BE979FB8-16D7-4B6C-90C8-A0B998D888D1}.Release|Any CPU.ActiveCfg = Release|x64
		{BE979FB8-16D7-4B6C-90C8-A0B998D888D1}.Release|x64.ActiveCfg = Release|x64
		{BE979FB8-16D7-4B6C-90C8-A0B998D888D1}.Release|x64.Build.0 = Release|x64
		{BE979FB8-16D7-4B6C-90C8-A0B998D888D1}.Release|x64.Deploy.0 = Release|x64
		{D7FF6627-045C-427A-9974-3F213F5148A8}.Debug|Any CPU.ActiveCfg = Debug|Any CPU
		{D7FF6627-045C-427A-9974-3F213F5148A8}.Debug|Any CPU.Build.0 = Debug|Any CPU
		{D7FF6627-045C-427A-9974-3F213F5148A8}.Debug|x64.ActiveCfg = Debug|Any CPU
		{D7FF6627-045C-427A-9974-3F213F5148A8}.Debug|x64.Build.0 = Debug|Any CPU
		{D7FF6627-045C-427A-9974-3F213F5148A8}.Release|Any CPU.ActiveCfg = Release|Any CPU
		{D7FF6627-045C-427A-9974-3F213F5148A8}.Release|Any CPU.Build.0 = Release|Any CPU
		{D7FF6627-045C-427A-9974-3F213F5148A8}.Release|x64.ActiveCfg = Release|Any CPU
		{D7FF6627-045C-427A-9974-3F213F5148A8}.Release|x64.Build.0 = Release|Any CPU
		{03BF3D54-DE93-4F3A-BDAF-D768455EBBB9}.Debug|Any CPU.ActiveCfg = Debug|Any CPU
		{03BF3D54-DE93-4F3A-BDAF-D768455EBBB9}.Debug|Any CPU.Build.0 = Debug|Any CPU
		{03BF3D54-DE93-4F3A-BDAF-D768455EBBB9}.Debug|x64.ActiveCfg = Debug|Any CPU
		{03BF3D54-DE93-4F3A-BDAF-D768455EBBB9}.Debug|x64.Build.0 = Debug|Any CPU
		{03BF3D54-DE93-4F3A-BDAF-D768455EBBB9}.Release|Any CPU.ActiveCfg = Release|Any CPU
		{03BF3D54-DE93-4F3A-BDAF-D768455EBBB9}.Release|Any CPU.Build.0 = Release|Any CPU
		{03BF3D54-DE93-4F3A-BDAF-D768455EBBB9}.Release|x64.ActiveCfg = Release|Any CPU
		{03BF3D54-DE93-4F3A-BDAF-D768455EBBB9}.Release|x64.Build.0 = Release|Any CPU
	EndGlobalSection
	GlobalSection(SolutionProperties) = preSolution
		HideSolutionNode = FALSE
	EndGlobalSection
	GlobalSection(NestedProjects) = preSolution
		{BE979FB8-16D7-4B6C-90C8-A0B998D888D1} = {020AC8C0-6606-4A7D-A557-7692F84F3948}
		{D7FF6627-045C-427A-9974-3F213F5148A8} = {020AC8C0-6606-4A7D-A557-7692F84F3948}
		{03BF3D54-DE93-4F3A-BDAF-D768455EBBB9} = {020AC8C0-6606-4A7D-A557-7692F84F3948}
	EndGlobalSection
	GlobalSection(ExtensibilityGlobals) = postSolution
		SolutionGuid = {0CA8D8D1-D426-4E57-9D92-F8FB1006B9A1}
	EndGlobalSection
EndGlobal
