
Microsoft Visual Studio Solution File, Format Version 12.00
# Visual Studio 15
VisualStudioVersion = 15.0.27703.2018
MinimumVisualStudioVersion = 10.0.40219.1
Project("{9A19103F-16F7-4668-BE54-9A1E7A4F7556}") = "TempSoft.CQRS", "TempSoft.CQRS\TempSoft.CQRS.csproj", "{66E1B344-0C8C-4F02-886E-9DD70A2F3140}"
EndProject
Project("{9A19103F-16F7-4668-BE54-9A1E7A4F7556}") = "TempSoft.CQRS.Common", "TempSoft.CQRS.Common\TempSoft.CQRS.Common.csproj", "{5B5D1DA0-8211-47F1-93D6-F6FEFF234E80}"
EndProject
Project("{9A19103F-16F7-4668-BE54-9A1E7A4F7556}") = "TempSoft.CQRS.Mocks", "TempSoft.CQRS.Mocks\TempSoft.CQRS.Mocks.csproj", "{A1862896-6B0D-4DB8-9A4C-EAC6CB99A115}"
EndProject
Project("{9A19103F-16F7-4668-BE54-9A1E7A4F7556}") = "TempSoft.CQRS.Tests", "TempSoft.CQRS.Tests\TempSoft.CQRS.Tests.csproj", "{E0EEB953-E743-410A-BF6A-3E38A99F4F4E}"
EndProject
Project("{2150E333-8FDC-42A3-9474-1A3956D46DE8}") = "Tests", "Tests", "{8C166F6C-97A9-4453-B4A1-F0D37F5DC931}"
EndProject
Project("{9A19103F-16F7-4668-BE54-9A1E7A4F7556}") = "TempSoft.CQRS.InMemory", "TempSoft.CQRS.InMemory\TempSoft.CQRS.InMemory.csproj", "{7B5668B5-0213-4E42-91E1-A3EDC79BD8D2}"
EndProject
Project("{9A19103F-16F7-4668-BE54-9A1E7A4F7556}") = "TempSoft.CQRS.CosmosDb", "TempSoft.CQRS.CosmosDb\TempSoft.CQRS.CosmosDb.csproj", "{FB62E08E-B29A-4C72-BEC6-E4A86A7996D5}"
EndProject
Project("{9A19103F-16F7-4668-BE54-9A1E7A4F7556}") = "TempSoft.CQRS.CosmosDb.Tests", "TempSoft.CQRS.CosmosDb.Tests\TempSoft.CQRS.CosmosDb.Tests.csproj", "{2577DEC9-63E7-4063-9D05-F92D36595D67}"
EndProject
Project("{9A19103F-16F7-4668-BE54-9A1E7A4F7556}") = "TempSoft.CQRS.ServiceFabric.Interfaces", "TempSoft.CQRS.ServiceFabric.Interfaces\TempSoft.CQRS.ServiceFabric.Interfaces.csproj", "{5AA6B27E-F738-486E-A28E-A205EE3BF72C}"
EndProject
Project("{9A19103F-16F7-4668-BE54-9A1E7A4F7556}") = "TempSoft.CQRS.ServiceFabric", "TempSoft.CQRS.ServiceFabric\TempSoft.CQRS.ServiceFabric.csproj", "{1CA8796D-924D-4D92-82BE-7429783A8369}"
EndProject
Project("{9A19103F-16F7-4668-BE54-9A1E7A4F7556}") = "TempSoft.CQRS.ServiceFabric.Tests", "TempSoft.CQRS.ServiceFabric.Tests\TempSoft.CQRS.ServiceFabric.Tests.csproj", "{33915649-8A26-4F76-9461-E5AE47F00E43}"
EndProject
Project("{2150E333-8FDC-42A3-9474-1A3956D46DE8}") = "Demo", "Demo", "{F6F037CC-570E-40B0-AF69-7C6554EB8BD3}"
EndProject
Project("{9A19103F-16F7-4668-BE54-9A1E7A4F7556}") = "TempSoft.CQRS.Demo.Domain", "TempSoft.CQRS.Demo.Domain\TempSoft.CQRS.Demo.Domain.csproj", "{0AD46863-8894-44BB-B4D7-363F0CA248CC}"
EndProject
Project("{9A19103F-16F7-4668-BE54-9A1E7A4F7556}") = "TempSoft.CQRS.Demo.SF.AggregateRoots", "TempSoft.CQRS.Demo.SF.AggregateRoots\TempSoft.CQRS.Demo.SF.AggregateRoots.csproj", "{D54AF344-5989-4EEC-8A22-82B26C63777D}"
EndProject
Project("{9A19103F-16F7-4668-BE54-9A1E7A4F7556}") = "TempSoft.CQRS.Demo.SF.Configuration", "TempSoft.CQRS.Demo.SF.Configuration\TempSoft.CQRS.Demo.SF.Configuration.csproj", "{12FC332C-7399-4EBD-841C-A693EC331C21}"
EndProject
Project("{9A19103F-16F7-4668-BE54-9A1E7A4F7556}") = "TempSoft.CQRS.Demo.SF.Projectors", "TempSoft.CQRS.Demo.SF.Projectors\TempSoft.CQRS.Demo.SF.Projectors.csproj", "{D8743EF4-CE7C-4D8D-96E2-7D5518C08B8B}"
EndProject
Project("{9A19103F-16F7-4668-BE54-9A1E7A4F7556}") = "TempSoft.CQRS.Demo.SF.EventBus", "TempSoft.CQRS.Demo.SF.EventBus\TempSoft.CQRS.Demo.SF.EventBus.csproj", "{765A8121-8105-4DAA-9725-4D54546B4B5D}"
EndProject
Project("{9A19103F-16F7-4668-BE54-9A1E7A4F7556}") = "TempSoft.CQRS.Demo.SF.Api", "TempSoft.CQRS.Demo.SF.Api\TempSoft.CQRS.Demo.SF.Api.csproj", "{DCDE42FB-1FA0-4AAF-873C-44545C9F7ECC}"
EndProject
Project("{2150E333-8FDC-42A3-9474-1A3956D46DE8}") = "ServiceFabricHost", "ServiceFabricHost", "{9147AFE7-A2E9-4F35-AF91-9655808B6FD9}"
EndProject
Project("{A07B5EB6-E848-4116-A8D0-A826331D98C6}") = "TempSoft.CQRS.Demo.SF.Application", "TempSoft.CQRS.Demo.SF.Application\TempSoft.CQRS.Demo.SF.Application.sfproj", "{1BB1E3B2-AB3D-4AC5-A7BB-456803E72EBF}"
EndProject
Project("{9A19103F-16F7-4668-BE54-9A1E7A4F7556}") = "TempSoft.CQRS.Demo.Tests", "TempSoft.CQRS.Demo.Tests\TempSoft.CQRS.Demo.Tests.csproj", "{36C6D94D-FE82-4B46-85C6-D7A9393921EE}"
EndProject
Global
	GlobalSection(SolutionConfigurationPlatforms) = preSolution
		Debug|Any CPU = Debug|Any CPU
		Debug|x64 = Debug|x64
		Release|Any CPU = Release|Any CPU
		Release|x64 = Release|x64
	EndGlobalSection
	GlobalSection(ProjectConfigurationPlatforms) = postSolution
		{66E1B344-0C8C-4F02-886E-9DD70A2F3140}.Debug|Any CPU.ActiveCfg = Debug|Any CPU
		{66E1B344-0C8C-4F02-886E-9DD70A2F3140}.Debug|Any CPU.Build.0 = Debug|Any CPU
		{66E1B344-0C8C-4F02-886E-9DD70A2F3140}.Debug|x64.ActiveCfg = Debug|Any CPU
		{66E1B344-0C8C-4F02-886E-9DD70A2F3140}.Debug|x64.Build.0 = Debug|Any CPU
		{66E1B344-0C8C-4F02-886E-9DD70A2F3140}.Release|Any CPU.ActiveCfg = Release|Any CPU
		{66E1B344-0C8C-4F02-886E-9DD70A2F3140}.Release|Any CPU.Build.0 = Release|Any CPU
		{66E1B344-0C8C-4F02-886E-9DD70A2F3140}.Release|x64.ActiveCfg = Release|Any CPU
		{66E1B344-0C8C-4F02-886E-9DD70A2F3140}.Release|x64.Build.0 = Release|Any CPU
		{5B5D1DA0-8211-47F1-93D6-F6FEFF234E80}.Debug|Any CPU.ActiveCfg = Debug|Any CPU
		{5B5D1DA0-8211-47F1-93D6-F6FEFF234E80}.Debug|Any CPU.Build.0 = Debug|Any CPU
		{5B5D1DA0-8211-47F1-93D6-F6FEFF234E80}.Debug|x64.ActiveCfg = Debug|Any CPU
		{5B5D1DA0-8211-47F1-93D6-F6FEFF234E80}.Debug|x64.Build.0 = Debug|Any CPU
		{5B5D1DA0-8211-47F1-93D6-F6FEFF234E80}.Release|Any CPU.ActiveCfg = Release|Any CPU
		{5B5D1DA0-8211-47F1-93D6-F6FEFF234E80}.Release|Any CPU.Build.0 = Release|Any CPU
		{5B5D1DA0-8211-47F1-93D6-F6FEFF234E80}.Release|x64.ActiveCfg = Release|Any CPU
		{5B5D1DA0-8211-47F1-93D6-F6FEFF234E80}.Release|x64.Build.0 = Release|Any CPU
		{A1862896-6B0D-4DB8-9A4C-EAC6CB99A115}.Debug|Any CPU.ActiveCfg = Debug|Any CPU
		{A1862896-6B0D-4DB8-9A4C-EAC6CB99A115}.Debug|Any CPU.Build.0 = Debug|Any CPU
		{A1862896-6B0D-4DB8-9A4C-EAC6CB99A115}.Debug|x64.ActiveCfg = Debug|Any CPU
		{A1862896-6B0D-4DB8-9A4C-EAC6CB99A115}.Debug|x64.Build.0 = Debug|Any CPU
		{A1862896-6B0D-4DB8-9A4C-EAC6CB99A115}.Release|Any CPU.ActiveCfg = Release|Any CPU
		{A1862896-6B0D-4DB8-9A4C-EAC6CB99A115}.Release|Any CPU.Build.0 = Release|Any CPU
		{A1862896-6B0D-4DB8-9A4C-EAC6CB99A115}.Release|x64.ActiveCfg = Release|Any CPU
		{A1862896-6B0D-4DB8-9A4C-EAC6CB99A115}.Release|x64.Build.0 = Release|Any CPU
		{E0EEB953-E743-410A-BF6A-3E38A99F4F4E}.Debug|Any CPU.ActiveCfg = Debug|Any CPU
		{E0EEB953-E743-410A-BF6A-3E38A99F4F4E}.Debug|Any CPU.Build.0 = Debug|Any CPU
		{E0EEB953-E743-410A-BF6A-3E38A99F4F4E}.Debug|x64.ActiveCfg = Debug|Any CPU
		{E0EEB953-E743-410A-BF6A-3E38A99F4F4E}.Debug|x64.Build.0 = Debug|Any CPU
		{E0EEB953-E743-410A-BF6A-3E38A99F4F4E}.Release|Any CPU.ActiveCfg = Release|Any CPU
		{E0EEB953-E743-410A-BF6A-3E38A99F4F4E}.Release|Any CPU.Build.0 = Release|Any CPU
		{E0EEB953-E743-410A-BF6A-3E38A99F4F4E}.Release|x64.ActiveCfg = Release|Any CPU
		{E0EEB953-E743-410A-BF6A-3E38A99F4F4E}.Release|x64.Build.0 = Release|Any CPU
		{7B5668B5-0213-4E42-91E1-A3EDC79BD8D2}.Debug|Any CPU.ActiveCfg = Debug|Any CPU
		{7B5668B5-0213-4E42-91E1-A3EDC79BD8D2}.Debug|Any CPU.Build.0 = Debug|Any CPU
		{7B5668B5-0213-4E42-91E1-A3EDC79BD8D2}.Debug|x64.ActiveCfg = Debug|Any CPU
		{7B5668B5-0213-4E42-91E1-A3EDC79BD8D2}.Debug|x64.Build.0 = Debug|Any CPU
		{7B5668B5-0213-4E42-91E1-A3EDC79BD8D2}.Release|Any CPU.ActiveCfg = Release|Any CPU
		{7B5668B5-0213-4E42-91E1-A3EDC79BD8D2}.Release|Any CPU.Build.0 = Release|Any CPU
		{7B5668B5-0213-4E42-91E1-A3EDC79BD8D2}.Release|x64.ActiveCfg = Release|Any CPU
		{7B5668B5-0213-4E42-91E1-A3EDC79BD8D2}.Release|x64.Build.0 = Release|Any CPU
		{FB62E08E-B29A-4C72-BEC6-E4A86A7996D5}.Debug|Any CPU.ActiveCfg = Debug|Any CPU
		{FB62E08E-B29A-4C72-BEC6-E4A86A7996D5}.Debug|Any CPU.Build.0 = Debug|Any CPU
		{FB62E08E-B29A-4C72-BEC6-E4A86A7996D5}.Debug|x64.ActiveCfg = Debug|Any CPU
		{FB62E08E-B29A-4C72-BEC6-E4A86A7996D5}.Debug|x64.Build.0 = Debug|Any CPU
		{FB62E08E-B29A-4C72-BEC6-E4A86A7996D5}.Release|Any CPU.ActiveCfg = Release|Any CPU
		{FB62E08E-B29A-4C72-BEC6-E4A86A7996D5}.Release|Any CPU.Build.0 = Release|Any CPU
		{FB62E08E-B29A-4C72-BEC6-E4A86A7996D5}.Release|x64.ActiveCfg = Release|Any CPU
		{FB62E08E-B29A-4C72-BEC6-E4A86A7996D5}.Release|x64.Build.0 = Release|Any CPU
		{2577DEC9-63E7-4063-9D05-F92D36595D67}.Debug|Any CPU.ActiveCfg = Debug|Any CPU
		{2577DEC9-63E7-4063-9D05-F92D36595D67}.Debug|Any CPU.Build.0 = Debug|Any CPU
		{2577DEC9-63E7-4063-9D05-F92D36595D67}.Debug|x64.ActiveCfg = Debug|Any CPU
		{2577DEC9-63E7-4063-9D05-F92D36595D67}.Debug|x64.Build.0 = Debug|Any CPU
		{2577DEC9-63E7-4063-9D05-F92D36595D67}.Release|Any CPU.ActiveCfg = Release|Any CPU
		{2577DEC9-63E7-4063-9D05-F92D36595D67}.Release|Any CPU.Build.0 = Release|Any CPU
		{2577DEC9-63E7-4063-9D05-F92D36595D67}.Release|x64.ActiveCfg = Release|Any CPU
		{2577DEC9-63E7-4063-9D05-F92D36595D67}.Release|x64.Build.0 = Release|Any CPU
		{5AA6B27E-F738-486E-A28E-A205EE3BF72C}.Debug|Any CPU.ActiveCfg = Debug|Any CPU
		{5AA6B27E-F738-486E-A28E-A205EE3BF72C}.Debug|Any CPU.Build.0 = Debug|Any CPU
		{5AA6B27E-F738-486E-A28E-A205EE3BF72C}.Debug|x64.ActiveCfg = Debug|Any CPU
		{5AA6B27E-F738-486E-A28E-A205EE3BF72C}.Debug|x64.Build.0 = Debug|Any CPU
		{5AA6B27E-F738-486E-A28E-A205EE3BF72C}.Release|Any CPU.ActiveCfg = Release|Any CPU
		{5AA6B27E-F738-486E-A28E-A205EE3BF72C}.Release|Any CPU.Build.0 = Release|Any CPU
		{5AA6B27E-F738-486E-A28E-A205EE3BF72C}.Release|x64.ActiveCfg = Release|Any CPU
		{5AA6B27E-F738-486E-A28E-A205EE3BF72C}.Release|x64.Build.0 = Release|Any CPU
		{1CA8796D-924D-4D92-82BE-7429783A8369}.Debug|Any CPU.ActiveCfg = Debug|Any CPU
		{1CA8796D-924D-4D92-82BE-7429783A8369}.Debug|Any CPU.Build.0 = Debug|Any CPU
		{1CA8796D-924D-4D92-82BE-7429783A8369}.Debug|x64.ActiveCfg = Debug|Any CPU
		{1CA8796D-924D-4D92-82BE-7429783A8369}.Debug|x64.Build.0 = Debug|Any CPU
		{1CA8796D-924D-4D92-82BE-7429783A8369}.Release|Any CPU.ActiveCfg = Release|Any CPU
		{1CA8796D-924D-4D92-82BE-7429783A8369}.Release|Any CPU.Build.0 = Release|Any CPU
		{1CA8796D-924D-4D92-82BE-7429783A8369}.Release|x64.ActiveCfg = Release|Any CPU
		{1CA8796D-924D-4D92-82BE-7429783A8369}.Release|x64.Build.0 = Release|Any CPU
		{33915649-8A26-4F76-9461-E5AE47F00E43}.Debug|Any CPU.ActiveCfg = Debug|Any CPU
		{33915649-8A26-4F76-9461-E5AE47F00E43}.Debug|Any CPU.Build.0 = Debug|Any CPU
		{33915649-8A26-4F76-9461-E5AE47F00E43}.Debug|x64.ActiveCfg = Debug|Any CPU
		{33915649-8A26-4F76-9461-E5AE47F00E43}.Debug|x64.Build.0 = Debug|Any CPU
		{33915649-8A26-4F76-9461-E5AE47F00E43}.Release|Any CPU.ActiveCfg = Release|Any CPU
		{33915649-8A26-4F76-9461-E5AE47F00E43}.Release|Any CPU.Build.0 = Release|Any CPU
		{33915649-8A26-4F76-9461-E5AE47F00E43}.Release|x64.ActiveCfg = Release|Any CPU
		{33915649-8A26-4F76-9461-E5AE47F00E43}.Release|x64.Build.0 = Release|Any CPU
		{0AD46863-8894-44BB-B4D7-363F0CA248CC}.Debug|Any CPU.ActiveCfg = Debug|Any CPU
		{0AD46863-8894-44BB-B4D7-363F0CA248CC}.Debug|Any CPU.Build.0 = Debug|Any CPU
		{0AD46863-8894-44BB-B4D7-363F0CA248CC}.Debug|x64.ActiveCfg = Debug|Any CPU
		{0AD46863-8894-44BB-B4D7-363F0CA248CC}.Debug|x64.Build.0 = Debug|Any CPU
		{0AD46863-8894-44BB-B4D7-363F0CA248CC}.Release|Any CPU.ActiveCfg = Release|Any CPU
		{0AD46863-8894-44BB-B4D7-363F0CA248CC}.Release|Any CPU.Build.0 = Release|Any CPU
		{0AD46863-8894-44BB-B4D7-363F0CA248CC}.Release|x64.ActiveCfg = Release|Any CPU
		{0AD46863-8894-44BB-B4D7-363F0CA248CC}.Release|x64.Build.0 = Release|Any CPU
		{D54AF344-5989-4EEC-8A22-82B26C63777D}.Debug|Any CPU.ActiveCfg = Debug|Any CPU
		{D54AF344-5989-4EEC-8A22-82B26C63777D}.Debug|Any CPU.Build.0 = Debug|Any CPU
		{D54AF344-5989-4EEC-8A22-82B26C63777D}.Debug|x64.ActiveCfg = Debug|Any CPU
		{D54AF344-5989-4EEC-8A22-82B26C63777D}.Debug|x64.Build.0 = Debug|Any CPU
		{D54AF344-5989-4EEC-8A22-82B26C63777D}.Release|Any CPU.ActiveCfg = Release|Any CPU
		{D54AF344-5989-4EEC-8A22-82B26C63777D}.Release|Any CPU.Build.0 = Release|Any CPU
		{D54AF344-5989-4EEC-8A22-82B26C63777D}.Release|x64.ActiveCfg = Release|Any CPU
		{D54AF344-5989-4EEC-8A22-82B26C63777D}.Release|x64.Build.0 = Release|Any CPU
		{12FC332C-7399-4EBD-841C-A693EC331C21}.Debug|Any CPU.ActiveCfg = Debug|Any CPU
		{12FC332C-7399-4EBD-841C-A693EC331C21}.Debug|Any CPU.Build.0 = Debug|Any CPU
		{12FC332C-7399-4EBD-841C-A693EC331C21}.Debug|x64.ActiveCfg = Debug|Any CPU
		{12FC332C-7399-4EBD-841C-A693EC331C21}.Debug|x64.Build.0 = Debug|Any CPU
		{12FC332C-7399-4EBD-841C-A693EC331C21}.Release|Any CPU.ActiveCfg = Release|Any CPU
		{12FC332C-7399-4EBD-841C-A693EC331C21}.Release|Any CPU.Build.0 = Release|Any CPU
		{12FC332C-7399-4EBD-841C-A693EC331C21}.Release|x64.ActiveCfg = Release|Any CPU
		{12FC332C-7399-4EBD-841C-A693EC331C21}.Release|x64.Build.0 = Release|Any CPU
		{D8743EF4-CE7C-4D8D-96E2-7D5518C08B8B}.Debug|Any CPU.ActiveCfg = Debug|Any CPU
		{D8743EF4-CE7C-4D8D-96E2-7D5518C08B8B}.Debug|Any CPU.Build.0 = Debug|Any CPU
		{D8743EF4-CE7C-4D8D-96E2-7D5518C08B8B}.Debug|x64.ActiveCfg = Debug|Any CPU
		{D8743EF4-CE7C-4D8D-96E2-7D5518C08B8B}.Debug|x64.Build.0 = Debug|Any CPU
		{D8743EF4-CE7C-4D8D-96E2-7D5518C08B8B}.Release|Any CPU.ActiveCfg = Release|Any CPU
		{D8743EF4-CE7C-4D8D-96E2-7D5518C08B8B}.Release|Any CPU.Build.0 = Release|Any CPU
		{D8743EF4-CE7C-4D8D-96E2-7D5518C08B8B}.Release|x64.ActiveCfg = Release|Any CPU
		{D8743EF4-CE7C-4D8D-96E2-7D5518C08B8B}.Release|x64.Build.0 = Release|Any CPU
		{765A8121-8105-4DAA-9725-4D54546B4B5D}.Debug|Any CPU.ActiveCfg = Debug|Any CPU
		{765A8121-8105-4DAA-9725-4D54546B4B5D}.Debug|Any CPU.Build.0 = Debug|Any CPU
		{765A8121-8105-4DAA-9725-4D54546B4B5D}.Debug|x64.ActiveCfg = Debug|Any CPU
		{765A8121-8105-4DAA-9725-4D54546B4B5D}.Debug|x64.Build.0 = Debug|Any CPU
		{765A8121-8105-4DAA-9725-4D54546B4B5D}.Release|Any CPU.ActiveCfg = Release|Any CPU
		{765A8121-8105-4DAA-9725-4D54546B4B5D}.Release|Any CPU.Build.0 = Release|Any CPU
		{765A8121-8105-4DAA-9725-4D54546B4B5D}.Release|x64.ActiveCfg = Release|Any CPU
		{765A8121-8105-4DAA-9725-4D54546B4B5D}.Release|x64.Build.0 = Release|Any CPU
		{DCDE42FB-1FA0-4AAF-873C-44545C9F7ECC}.Debug|Any CPU.ActiveCfg = Debug|Any CPU
		{DCDE42FB-1FA0-4AAF-873C-44545C9F7ECC}.Debug|Any CPU.Build.0 = Debug|Any CPU
		{DCDE42FB-1FA0-4AAF-873C-44545C9F7ECC}.Debug|x64.ActiveCfg = Debug|Any CPU
		{DCDE42FB-1FA0-4AAF-873C-44545C9F7ECC}.Debug|x64.Build.0 = Debug|Any CPU
		{DCDE42FB-1FA0-4AAF-873C-44545C9F7ECC}.Release|Any CPU.ActiveCfg = Release|Any CPU
		{DCDE42FB-1FA0-4AAF-873C-44545C9F7ECC}.Release|Any CPU.Build.0 = Release|Any CPU
		{DCDE42FB-1FA0-4AAF-873C-44545C9F7ECC}.Release|x64.ActiveCfg = Release|Any CPU
		{DCDE42FB-1FA0-4AAF-873C-44545C9F7ECC}.Release|x64.Build.0 = Release|Any CPU
		{1BB1E3B2-AB3D-4AC5-A7BB-456803E72EBF}.Debug|Any CPU.ActiveCfg = Debug|x64
		{1BB1E3B2-AB3D-4AC5-A7BB-456803E72EBF}.Debug|x64.ActiveCfg = Debug|x64
		{1BB1E3B2-AB3D-4AC5-A7BB-456803E72EBF}.Debug|x64.Build.0 = Debug|x64
		{1BB1E3B2-AB3D-4AC5-A7BB-456803E72EBF}.Debug|x64.Deploy.0 = Debug|x64
		{1BB1E3B2-AB3D-4AC5-A7BB-456803E72EBF}.Release|Any CPU.ActiveCfg = Release|x64
		{1BB1E3B2-AB3D-4AC5-A7BB-456803E72EBF}.Release|x64.ActiveCfg = Release|x64
		{1BB1E3B2-AB3D-4AC5-A7BB-456803E72EBF}.Release|x64.Build.0 = Release|x64
		{1BB1E3B2-AB3D-4AC5-A7BB-456803E72EBF}.Release|x64.Deploy.0 = Release|x64
		{36C6D94D-FE82-4B46-85C6-D7A9393921EE}.Debug|Any CPU.ActiveCfg = Debug|Any CPU
		{36C6D94D-FE82-4B46-85C6-D7A9393921EE}.Debug|Any CPU.Build.0 = Debug|Any CPU
		{36C6D94D-FE82-4B46-85C6-D7A9393921EE}.Debug|x64.ActiveCfg = Debug|Any CPU
		{36C6D94D-FE82-4B46-85C6-D7A9393921EE}.Debug|x64.Build.0 = Debug|Any CPU
		{36C6D94D-FE82-4B46-85C6-D7A9393921EE}.Release|Any CPU.ActiveCfg = Release|Any CPU
		{36C6D94D-FE82-4B46-85C6-D7A9393921EE}.Release|Any CPU.Build.0 = Release|Any CPU
		{36C6D94D-FE82-4B46-85C6-D7A9393921EE}.Release|x64.ActiveCfg = Release|Any CPU
		{36C6D94D-FE82-4B46-85C6-D7A9393921EE}.Release|x64.Build.0 = Release|Any CPU
	EndGlobalSection
	GlobalSection(SolutionProperties) = preSolution
		HideSolutionNode = FALSE
	EndGlobalSection
	GlobalSection(NestedProjects) = preSolution
		{A1862896-6B0D-4DB8-9A4C-EAC6CB99A115} = {8C166F6C-97A9-4453-B4A1-F0D37F5DC931}
		{E0EEB953-E743-410A-BF6A-3E38A99F4F4E} = {8C166F6C-97A9-4453-B4A1-F0D37F5DC931}
		{2577DEC9-63E7-4063-9D05-F92D36595D67} = {8C166F6C-97A9-4453-B4A1-F0D37F5DC931}
		{33915649-8A26-4F76-9461-E5AE47F00E43} = {8C166F6C-97A9-4453-B4A1-F0D37F5DC931}
		{0AD46863-8894-44BB-B4D7-363F0CA248CC} = {F6F037CC-570E-40B0-AF69-7C6554EB8BD3}
		{D54AF344-5989-4EEC-8A22-82B26C63777D} = {9147AFE7-A2E9-4F35-AF91-9655808B6FD9}
		{12FC332C-7399-4EBD-841C-A693EC331C21} = {9147AFE7-A2E9-4F35-AF91-9655808B6FD9}
		{D8743EF4-CE7C-4D8D-96E2-7D5518C08B8B} = {9147AFE7-A2E9-4F35-AF91-9655808B6FD9}
		{765A8121-8105-4DAA-9725-4D54546B4B5D} = {9147AFE7-A2E9-4F35-AF91-9655808B6FD9}
		{DCDE42FB-1FA0-4AAF-873C-44545C9F7ECC} = {9147AFE7-A2E9-4F35-AF91-9655808B6FD9}
		{9147AFE7-A2E9-4F35-AF91-9655808B6FD9} = {F6F037CC-570E-40B0-AF69-7C6554EB8BD3}
		{1BB1E3B2-AB3D-4AC5-A7BB-456803E72EBF} = {9147AFE7-A2E9-4F35-AF91-9655808B6FD9}
		{36C6D94D-FE82-4B46-85C6-D7A9393921EE} = {F6F037CC-570E-40B0-AF69-7C6554EB8BD3}
	EndGlobalSection
	GlobalSection(ExtensibilityGlobals) = postSolution
		SolutionGuid = {47244D3C-7056-4D10-A8C5-E47C9F7789C2}
	EndGlobalSection
EndGlobal
